{
  "name": "backend_whatsapp",
  "version": "1.0.0",
  "lockfileVersion": 1,
  "requires": true,
  "dependencies": {
    "assert-options": {
      "version": "0.6.2",
      "resolved": "https://registry.npmjs.org/assert-options/-/assert-options-0.6.2.tgz",
      "integrity": "sha512-KP9S549XptFAPGYmLRnIjQBL4/Ry8Jx5YNLQZ/l+eejqbTidBMnw4uZSAsUrzBq/lgyqDYqxcTF7cOxZb9gyEw=="
    },
    "asyncawait": {
      "version": "3.0.0",
      "resolved": "https://registry.npmjs.org/asyncawait/-/asyncawait-3.0.0.tgz",
      "integrity": "sha512-dkB1xxfmIX3smmQiZHRfgD1m9Ggm9tkT162Q9wZzhW6RLOoO3VWTgNDZ0E3UwzqoypMmz9kMxdVd9u9mh8yXlA==",
      "requires": {
        "bluebird": "^3.1.1",
        "fibers": "^4.0.2",
        "lodash": "^4.17.12"
      }
    },
    "bagpipe": {
      "version": "0.3.5",
      "resolved": "https://registry.npmjs.org/bagpipe/-/bagpipe-0.3.5.tgz",
      "integrity": "sha1-40HRZPyyTN8E6n4Ft2XsEMiupqE="
    },
    "bluebird": {
      "version": "3.7.2",
      "resolved": "https://registry.npmjs.org/bluebird/-/bluebird-3.7.2.tgz",
      "integrity": "sha512-XpNj6GDQzdfW+r2Wnn7xiSAd7TM3jzkxGXBGTtWKuSXv1xUV+azxAm8jdWZN06QTQk+2N2XB9jRDkvbmQmcRtg=="
    },
    "buffer-writer": {
      "version": "2.0.0",
      "resolved": "https://registry.npmjs.org/buffer-writer/-/buffer-writer-2.0.0.tgz",
      "integrity": "sha512-a7ZpuTZU1TRtnwyCNW3I5dc0wWNC3VR9S++Ewyk2HHZdrO3CQJqSpd+95Us590V6AL7JqUAH2IwZ/398PmNFgw=="
    },
    "cookie": {
      "version": "0.4.0",
      "resolved": "https://registry.npmjs.org/cookie/-/cookie-0.4.0.tgz",
      "integrity": "sha512-+Hp8fLp57wnUSt0tY0tHEXh4voZRDnoIrZPqlo3DPiI4y9lwg/jqx+1Om94/W6ZaPDOUbnjOt/99w66zk+l1Xg=="
    },
    "cookie-signature": {
      "version": "1.0.6",
      "resolved": "https://registry.npmjs.org/cookie-signature/-/cookie-signature-1.0.6.tgz",
      "integrity": "sha1-4wOogrNCzD7oylE6eZmXNNqzriw="
    },
    "cookieconsent": {
      "version": "3.1.1",
      "resolved": "https://registry.npmjs.org/cookieconsent/-/cookieconsent-3.1.1.tgz",
      "integrity": "sha512-v8JWLJcI7Zs9NWrs8hiVldVtm3EBF70TJI231vxn6YToBGj0c9dvdnYwltydkAnrbBMOM/qX1xLFrnTfm5wTag=="
    },
    "debug": {
      "version": "2.6.9",
      "resolved": "https://registry.npmjs.org/debug/-/debug-2.6.9.tgz",
      "integrity": "sha512-bC7ElrdJaJnPbAP+1EotYvqZsb3ecl5wi6Bfi6BJTUcNowp6cvspg0jXznRTKDjm/E7AdgFBVeAPVMNcKGsHMA==",
      "requires": {
        "ms": "2.0.0"
      }
    },
    "depd": {
      "version": "2.0.0",
      "resolved": "https://registry.npmjs.org/depd/-/depd-2.0.0.tgz",
      "integrity": "sha512-g7nH6P6dyDioJogAAGprGpCtVImJhpPk/roCzdb3fIh61/s/nPsfR6onyMwkCAR/OlC3yBC0lESvUoQEAssIrw=="
    },
    "detect-libc": {
      "version": "1.0.3",
      "resolved": "https://registry.npmjs.org/detect-libc/-/detect-libc-1.0.3.tgz",
      "integrity": "sha1-+hN8S9aY7fVc1c0CrFWfkaTEups="
    },
    "es6-object-assign": {
      "version": "1.1.0",
      "resolved": "https://registry.npmjs.org/es6-object-assign/-/es6-object-assign-1.1.0.tgz",
      "integrity": "sha1-wsNYJlYkfDnqEHyx5mUrb58kUjw="
    },
    "express-session": {
      "version": "1.17.1",
      "resolved": "https://registry.npmjs.org/express-session/-/express-session-1.17.1.tgz",
      "integrity": "sha512-UbHwgqjxQZJiWRTMyhvWGvjBQduGCSBDhhZXYenziMFjxst5rMV+aJZ6hKPHZnPyHGsrqRICxtX8jtEbm/z36Q==",
      "requires": {
        "cookie": "0.4.0",
        "cookie-signature": "1.0.6",
        "debug": "2.6.9",
        "depd": "~2.0.0",
        "on-headers": "~1.0.2",
        "parseurl": "~1.3.3",
        "safe-buffer": "5.2.0",
        "uid-safe": "~2.1.5"
      }
    },
    "fibers": {
      "version": "4.0.3",
      "resolved": "https://registry.npmjs.org/fibers/-/fibers-4.0.3.tgz",
      "integrity": "sha512-MW5VrDtTOLpKK7lzw4qD7Z9tXaAhdOmOED5RHzg3+HjUk+ibkjVW0Py2ERtdqgTXaerLkVkBy2AEmJiT6RMyzg==",
      "requires": {
        "detect-libc": "^1.0.3"
      }
    },
    "fs-extra": {
      "version": "8.1.0",
      "resolved": "https://registry.npmjs.org/fs-extra/-/fs-extra-8.1.0.tgz",
      "integrity": "sha512-yhlQgA6mnOJUKOsRUFsgJdQCvkKhcz8tlZG5HBQfReYZy46OwLcY+Zia0mtdHsOo9y/hP+CxMN0TU9QxoOtG4g==",
      "requires": {
        "graceful-fs": "^4.2.0",
        "jsonfile": "^4.0.0",
        "universalify": "^0.1.0"
      }
    },
    "graceful-fs": {
      "version": "4.2.4",
      "resolved": "https://registry.npmjs.org/graceful-fs/-/graceful-fs-4.2.4.tgz",
      "integrity": "sha512-WjKPNJF79dtJAVniUlGGWHYGz2jWxT6VhN/4m1NdkbZ2nOsEF+cI1Edgql5zCRhs/VsQYRvrXctxktVXZUkixw=="
    },
    "imurmurhash": {
      "version": "0.1.4",
      "resolved": "https://registry.npmjs.org/imurmurhash/-/imurmurhash-0.1.4.tgz",
      "integrity": "sha1-khi5srkoojixPcT7a21XbyMUU+o="
    },
    "ini": {
      "version": "1.3.6",
      "resolved": "https://registry.npmjs.org/ini/-/ini-1.3.6.tgz",
      "integrity": "sha512-IZUoxEjNjubzrmvzZU4lKP7OnYmX72XRl3sqkfJhBKweKi5rnGi5+IUdlj/H1M+Ip5JQ1WzaDMOBRY90Ajc5jg=="
    },
    "jquery": {
      "version": "3.5.1",
      "resolved": "https://registry.npmjs.org/jquery/-/jquery-3.5.1.tgz",
      "integrity": "sha512-XwIBPqcMn57FxfT+Go5pzySnm4KWkT1Tv7gjrpT1srtf8Weynl6R273VJ5GjkRb51IzMp5nbaPjJXMWeju2MKg=="
    },
    "js-cookie": {
      "version": "2.2.1",
      "resolved": "https://registry.npmjs.org/js-cookie/-/js-cookie-2.2.1.tgz",
      "integrity": "sha512-HvdH2LzI/EAZcUwA8+0nKNtWHqS+ZmijLA30RwZA0bo7ToCckjK5MkGhjED9KoRcXO6BaGI3I9UIzSA1FKFPOQ=="
    },
    "jsonfile": {
      "version": "4.0.0",
      "resolved": "https://registry.npmjs.org/jsonfile/-/jsonfile-4.0.0.tgz",
      "integrity": "sha1-h3Gq4HmbZAdrdmQPygWPnBDjPss=",
      "requires": {
        "graceful-fs": "^4.1.6"
      }
    },
    "jwt-simple": {
      "version": "0.5.6",
      "resolved": "https://registry.npmjs.org/jwt-simple/-/jwt-simple-0.5.6.tgz",
      "integrity": "sha512-40aUybvhH9t2h71ncA1/1SbtTNCVZHgsTsTgqPUxGWDmUDrXyDf2wMNQKEbdBjbf4AI+fQhbECNTV6lWxQKUzg=="
    },
    "kruptein": {
      "version": "2.0.10",
      "resolved": "https://registry.npmjs.org/kruptein/-/kruptein-2.0.10.tgz",
      "integrity": "sha512-sgbG46PciVP3vFtEcvsjbWdUas150jo5D5uSWmXKAuqibgWbd60BR9SQRhve7haJMClet313i/GkNg7rGob+IQ=="
    },
    "lodash": {
      "version": "4.17.15",
      "resolved": "https://registry.npmjs.org/lodash/-/lodash-4.17.15.tgz",
      "integrity": "sha512-8xOcRHvCjnocdS5cpwXQXVzmmh5e5+saE2QGoeQmbKmRS6J3VQppPOIt0MnmE+4xlZoumy0GPG0D0MVIQbNA1A=="
    },
    "ms": {
      "version": "2.0.0",
      "resolved": "https://registry.npmjs.org/ms/-/ms-2.0.0.tgz",
      "integrity": "sha1-VgiurfwAvmwpAd9fmGF4jeDVl8g="
    },
    "nodejs-base64": {
      "version": "1.0.3",
      "resolved": "https://registry.npmjs.org/nodejs-base64/-/nodejs-base64-1.0.3.tgz",
      "integrity": "sha512-6wLDv7N/MfV4wDsrBC2s8xVfx82iywopGLdAVYYTLmwOHTm6N463Dwr9tP4+GHhfTMPN4h9i2Z0LzMdFB2G5cw=="
    },
    "object-assign": {
      "version": "4.1.1",
      "resolved": "https://registry.npmjs.org/object-assign/-/object-assign-4.1.1.tgz",
      "integrity": "sha1-IQmtx5ZYh8/AXLvUQsrIv7s2CGM="
    },
    "on-headers": {
      "version": "1.0.2",
      "resolved": "https://registry.npmjs.org/on-headers/-/on-headers-1.0.2.tgz",
      "integrity": "sha512-pZAE+FJLoyITytdqK0U5s+FIpjN0JP3OzFi/u8Rx+EV5/W+JTWGXG8xFzevE7AjBfDqHv/8vL8qQsIhHnqRkrA=="
    },
    "packet-reader": {
      "version": "1.0.0",
      "resolved": "https://registry.npmjs.org/packet-reader/-/packet-reader-1.0.0.tgz",
      "integrity": "sha512-HAKu/fG3HpHFO0AA8WE8q2g+gBJaZ9MG7fcKk+IJPLTGAD6Psw4443l+9DGRbOIh3/aXr7Phy0TjilYivJo5XQ=="
    },
    "parseurl": {
      "version": "1.3.3",
      "resolved": "https://registry.npmjs.org/parseurl/-/parseurl-1.3.3.tgz",
      "integrity": "sha512-CiyeOxFT/JZyN5m0z9PfXw4SCBJ6Sygz1Dpl0wqjlhDEGGBP1GnsUVEL0p63hoG1fcj3fHynXi9NYO4nWOL+qQ=="
    },
    "passport": {
      "version": "0.4.1",
      "resolved": "https://registry.npmjs.org/passport/-/passport-0.4.1.tgz",
      "integrity": "sha512-IxXgZZs8d7uFSt3eqNjM9NQ3g3uQCW5avD8mRNoXV99Yig50vjuaez6dQK2qC0kVWPRTujxY0dWgGfT09adjYg==",
      "requires": {
        "passport-strategy": "1.x.x",
        "pause": "0.0.1"
      }
    },
    "passport-local": {
      "version": "1.0.0",
      "resolved": "https://registry.npmjs.org/passport-local/-/passport-local-1.0.0.tgz",
      "integrity": "sha1-H+YyaMkudWBmJkN+O5BmYsFbpu4=",
      "requires": {
        "passport-strategy": "1.x.x"
      }
    },
    "passport-strategy": {
      "version": "1.0.0",
      "resolved": "https://registry.npmjs.org/passport-strategy/-/passport-strategy-1.0.0.tgz",
      "integrity": "sha1-tVOaqPwiWj0a0XlHbd8ja0QPUuQ="
    },
    "pause": {
      "version": "0.0.1",
      "resolved": "https://registry.npmjs.org/pause/-/pause-0.0.1.tgz",
      "integrity": "sha1-HUCLP9t2kjuVQ9lvtMnf1TXZy10="
    },
    "pg": {
      "version": "8.1.0",
      "resolved": "https://registry.npmjs.org/pg/-/pg-8.1.0.tgz",
      "integrity": "sha512-Jp+XSNTGYDztc2FgIbmBXeeYMR7kKjfgnl3R+ioO6rkcxDmaea+YPp/gaxe13PBnJAFYyEGl0ixpwPm2gb6eUw==",
      "requires": {
        "buffer-writer": "2.0.0",
        "packet-reader": "1.0.0",
        "pg-connection-string": "^2.2.2",
        "pg-pool": "^3.2.0",
        "pg-protocol": "^1.2.2",
        "pg-types": "^2.1.0",
        "pgpass": "1.x",
        "semver": "4.3.2"
      }
    },
    "pg-connection-string": {
      "version": "2.2.3",
      "resolved": "https://registry.npmjs.org/pg-connection-string/-/pg-connection-string-2.2.3.tgz",
      "integrity": "sha512-I/KCSQGmOrZx6sMHXkOs2MjddrYcqpza3Dtsy0AjIgBr/bZiPJRK9WhABXN1Uy1UDazRbi9gZEzO2sAhL5EqiQ=="
    },
    "pg-int8": {
      "version": "1.0.1",
      "resolved": "https://registry.npmjs.org/pg-int8/-/pg-int8-1.0.1.tgz",
      "integrity": "sha512-WCtabS6t3c8SkpDBUlb1kjOs7l66xsGdKpIPZsg4wR+B3+u9UAum2odSsF9tnvxg80h4ZxLWMy4pRjOsFIqQpw=="
    },
    "pg-minify": {
      "version": "1.6.0",
      "resolved": "https://registry.npmjs.org/pg-minify/-/pg-minify-1.6.0.tgz",
      "integrity": "sha512-5Yxduh9Hul9Xev6uI3rSCypPk1kI7vI03ZPu5lgerrhiZ7QLj1Zd92SU2ZyalHVztlWnnPMnTZ+SeXJwh3eY9g=="
    },
    "pg-pool": {
      "version": "3.2.1",
      "resolved": "https://registry.npmjs.org/pg-pool/-/pg-pool-3.2.1.tgz",
      "integrity": "sha512-BQDPWUeKenVrMMDN9opfns/kZo4lxmSWhIqo+cSAF7+lfi9ZclQbr9vfnlNaPr8wYF3UYjm5X0yPAhbcgqNOdA=="
    },
    "pg-promise": {
      "version": "10.5.5",
      "resolved": "https://registry.npmjs.org/pg-promise/-/pg-promise-10.5.5.tgz",
      "integrity": "sha512-Ec2g5bN3uMD0wk65kNEgJbZOcyhQ0S37Gn9gAa78U9V7HcdTfMdpTRSRIFT0LHXpL1EcT00CW62+2Z4wAXs29A==",
      "requires": {
        "assert-options": "0.6.2",
        "pg": "8.1.0",
        "pg-minify": "1.6.0",
        "spex": "3.0.1"
      }
    },
    "pg-protocol": {
      "version": "1.2.4",
      "resolved": "https://registry.npmjs.org/pg-protocol/-/pg-protocol-1.2.4.tgz",
      "integrity": "sha512-/8L/G+vW/VhWjTGXpGh8XVkXOFx1ZDY+Yuz//Ab8CfjInzFkreI+fDG3WjCeSra7fIZwAFxzbGptNbm8xSXenw=="
    },
    "pg-types": {
      "version": "2.2.0",
      "resolved": "https://registry.npmjs.org/pg-types/-/pg-types-2.2.0.tgz",
      "integrity": "sha512-qTAAlrEsl8s4OiEQY69wDvcMIdQN6wdz5ojQiOy6YRMuynxenON0O5oCpJI6lshc6scgAY8qvJ2On/p+CXY0GA==",
      "requires": {
        "pg-int8": "1.0.1",
        "postgres-array": "~2.0.0",
        "postgres-bytea": "~1.0.0",
        "postgres-date": "~1.0.4",
        "postgres-interval": "^1.1.0"
      }
    },
    "pgpass": {
      "version": "1.0.2",
      "resolved": "https://registry.npmjs.org/pgpass/-/pgpass-1.0.2.tgz",
      "integrity": "sha1-Knu0G2BltnkH6R2hsHwYR8h3swY=",
      "requires": {
        "split": "^1.0.0"
      }
    },
    "postgres-array": {
      "version": "2.0.0",
      "resolved": "https://registry.npmjs.org/postgres-array/-/postgres-array-2.0.0.tgz",
      "integrity": "sha512-VpZrUqU5A69eQyW2c5CA1jtLecCsN2U/bD6VilrFDWq5+5UIEVO7nazS3TEcHf1zuPYO/sqGvUvW62g86RXZuA=="
    },
    "postgres-bytea": {
      "version": "1.0.0",
      "resolved": "https://registry.npmjs.org/postgres-bytea/-/postgres-bytea-1.0.0.tgz",
      "integrity": "sha1-AntTPAqokOJtFy1Hz5zOzFIazTU="
    },
    "postgres-date": {
      "version": "1.0.5",
      "resolved": "https://registry.npmjs.org/postgres-date/-/postgres-date-1.0.5.tgz",
      "integrity": "sha512-pdau6GRPERdAYUQwkBnGKxEfPyhVZXG/JiS44iZWiNdSOWE09N2lUgN6yshuq6fVSon4Pm0VMXd1srUUkLe9iA=="
    },
    "postgres-interval": {
      "version": "1.2.0",
      "resolved": "https://registry.npmjs.org/postgres-interval/-/postgres-interval-1.2.0.tgz",
      "integrity": "sha512-9ZhXKM/rw350N1ovuWHbGxnGh/SNJ4cnxHiM0rxE4VN41wsg8P8zWn9hv/buK00RP4WvlOyr/RBDiptyxVbkZQ==",
      "requires": {
        "xtend": "^4.0.0"
      }
    },
    "promise-polyfill": {
      "version": "6.1.0",
      "resolved": "https://registry.npmjs.org/promise-polyfill/-/promise-polyfill-6.1.0.tgz",
      "integrity": "sha1-36lpQ+qcEh/KTem1hoyznTRy4Fc="
    },
    "random-bytes": {
      "version": "1.0.0",
      "resolved": "https://registry.npmjs.org/random-bytes/-/random-bytes-1.0.0.tgz",
      "integrity": "sha1-T2ih3Arli9P7lYSMMDJNt11kNgs="
    },
    "retry": {
      "version": "0.12.0",
      "resolved": "https://registry.npmjs.org/retry/-/retry-0.12.0.tgz",
      "integrity": "sha1-G0KmJmoh8HQh0bC1S33BZ7AcATs="
    },
    "safe-buffer": {
      "version": "5.2.0",
      "resolved": "https://registry.npmjs.org/safe-buffer/-/safe-buffer-5.2.0.tgz",
      "integrity": "sha512-fZEwUGbVl7kouZs1jCdMLdt95hdIv0ZeHg6L7qPeciMZhZ+/gdesW4wgTARkrFWEpspjEATAzUGPG8N2jJiwbg=="
    },
    "semver": {
      "version": "4.3.2",
      "resolved": "https://registry.npmjs.org/semver/-/semver-4.3.2.tgz",
      "integrity": "sha1-x6BxWKgL7dBSNVt3DYLWZA+AO+c="
    },
    "session-file-store": {
      "version": "1.4.0",
      "resolved": "https://registry.npmjs.org/session-file-store/-/session-file-store-1.4.0.tgz",
      "integrity": "sha512-jBeQwoHoHMOBoELxf+f/IDtMI94PqkFrwCP6O3DlvJlsCU6gY6pgWJGxUOtLWxauIdvAqmgoAbpJi7vJih9bvA==",
      "requires": {
        "bagpipe": "^0.3.5",
        "fs-extra": "^8.0.1",
        "kruptein": "^2.0.4",
        "object-assign": "^4.1.1",
        "retry": "^0.12.0",
        "write-file-atomic": "1.3.1"
      }
    },
    "slide": {
      "version": "1.1.6",
      "resolved": "https://registry.npmjs.org/slide/-/slide-1.1.6.tgz",
      "integrity": "sha1-VusCfWW00tzmyy4tMsTUr8nh1wc="
    },
    "spex": {
      "version": "3.0.1",
      "resolved": "https://registry.npmjs.org/spex/-/spex-3.0.1.tgz",
      "integrity": "sha512-priWZUrXBmVPHTOmtUeS7gZzCOUwRK87OHJw5K8bTC6MLOq93mQocx+vWccNyKPT2EY+goZvKGguGn2lx8TBDA=="
    },
    "split": {
      "version": "1.0.1",
      "resolved": "https://registry.npmjs.org/split/-/split-1.0.1.tgz",
      "integrity": "sha512-mTyOoPbrivtXnwnIxZRFYRrPNtEFKlpB2fvjSnCQUiAA6qAZzqwna5envK4uk6OIeP17CsdF3rSBGYVBsU0Tkg==",
      "requires": {
        "through": "2"
      }
    },
    "sweetalert": {
      "version": "2.1.2",
      "resolved": "https://registry.npmjs.org/sweetalert/-/sweetalert-2.1.2.tgz",
      "integrity": "sha512-iWx7X4anRBNDa/a+AdTmvAzQtkN1+s4j/JJRWlHpYE8Qimkohs8/XnFcWeYHH2lMA8LRCa5tj2d244If3S/hzA==",
      "requires": {
        "es6-object-assign": "^1.1.0",
        "promise-polyfill": "^6.0.2"
      }
    },
    "through": {
      "version": "2.3.8",
      "resolved": "https://registry.npmjs.org/through/-/through-2.3.8.tgz",
      "integrity": "sha1-DdTJ/6q8NXlgsbckEV1+Doai4fU="
    },
    "uid-safe": {
      "version": "2.1.5",
      "resolved": "https://registry.npmjs.org/uid-safe/-/uid-safe-2.1.5.tgz",
      "integrity": "sha512-KPHm4VL5dDXKz01UuEd88Df+KzynaohSL9fBh096KWAxSKZQDI2uBrVqtvRM4rwrIrRRKsdLNML/lnaaVSRioA==",
      "requires": {
        "random-bytes": "~1.0.0"
      }
    },
    "universalify": {
      "version": "0.1.2",
      "resolved": "https://registry.npmjs.org/universalify/-/universalify-0.1.2.tgz",
      "integrity": "sha512-rBJeI5CXAlmy1pV+617WB9J63U6XcazHHF2f2dbJix4XzpUF0RS3Zbj0FGIOCAva5P/d/GBOYaACQ1w+0azUkg=="
    },
    "write-file-atomic": {
      "version": "1.3.1",
      "resolved": "https://registry.npmjs.org/write-file-atomic/-/write-file-atomic-1.3.1.tgz",
      "integrity": "sha1-fUW6MjFjKN0ex9kPYOvA2EW7dZo=",
      "requires": {
        "graceful-fs": "^4.1.11",
        "imurmurhash": "^0.1.4",
        "slide": "^1.1.5"
      }
    },
    "xtend": {
      "version": "4.0.2",
      "resolved": "https://registry.npmjs.org/xtend/-/xtend-4.0.2.tgz",
      "integrity": "sha512-LKYU1iAXJXUgAXn9URjiu+MWhyUXHsvfp7mcuYm9dSUKK0/CjtrUwFAxD82/mCWbtLsGjFIad0wIsod4zrTAEQ=="
    }
  }
}
